
Microsoft Visual Studio Solution File, Format Version 12.00
# Visual Studio 14
VisualStudioVersion = 14.0.22823.1
MinimumVisualStudioVersion = 10.0.40219.1
Project("{FAE04EC0-301F-11D3-BF4B-00C04F79EFBC}") = "TrueCraft-To.NET-3.5", "Truecraft to Unity3D\TrueCraft-To.NET-3.5.csproj", "{E9C08E5C-F3D5-4942-AC08-D5137374A1F7}"
EndProject
Global
	GlobalSection(SolutionConfigurationPlatforms) = preSolution
		Debug|Any CPU = Debug|Any CPU
		Release|Any CPU = Release|Any CPU
	EndGlobalSection
	GlobalSection(ProjectConfigurationPlatforms) = postSolution
		{E9C08E5C-F3D5-4942-AC08-D5137374A1F7}.Debug|Any CPU.ActiveCfg = Debug|Any CPU
		{E9C08E5C-F3D5-4942-AC08-D5137374A1F7}.Debug|Any CPU.Build.0 = Debug|Any CPU
		{E9C08E5C-F3D5-4942-AC08-D5137374A1F7}.Release|Any CPU.ActiveCfg = Release|Any CPU
		{E9C08E5C-F3D5-4942-AC08-D5137374A1F7}.Release|Any CPU.Build.0 = Release|Any CPU
	EndGlobalSection
	GlobalSection(SolutionProperties) = preSolution
		HideSolutionNode = FALSE
	EndGlobalSection
EndGlobal
